
Microsoft Visual Studio Solution File, Format Version 12.00
# Visual Studio 15
VisualStudioVersion = 15.0.27428.2043
MinimumVisualStudioVersion = 10.0.40219.1
Project("{FAE04EC0-301F-11D3-BF4B-00C04F79EFBC}") = "task_1", "task_1\task_1.csproj", "{1CFC601F-D9D6-4AAE-878D-80C1AEDA4CB3}"
EndProject
Project("{FAE04EC0-301F-11D3-BF4B-00C04F79EFBC}") = "task_2", "task_2\task_2.csproj", "{B875EEEE-67CC-4891-9754-8E13B4783AAA}"
EndProject
Project("{FAE04EC0-301F-11D3-BF4B-00C04F79EFBC}") = "task_3", "task_3\task_3.csproj", "{A7D695AB-071A-453B-AD4B-ECF9D4F5F156}"
EndProject
Project("{FAE04EC0-301F-11D3-BF4B-00C04F79EFBC}") = "task_4", "task_4\task_4.csproj", "{6809CFFE-81B1-46A3-A971-D19F630A5271}"
EndProject
Project("{FAE04EC0-301F-11D3-BF4B-00C04F79EFBC}") = "task_5", "task_5\task_5.csproj", "{3703FA1E-C0A8-41DF-AFED-002116613A10}"
EndProject
Project("{FAE04EC0-301F-11D3-BF4B-00C04F79EFBC}") = "task_6", "task_6\task_6.csproj", "{D0075A4D-AB45-4197-8234-93DAA0BBB33C}"
EndProject
Project("{FAE04EC0-301F-11D3-BF4B-00C04F79EFBC}") = "task_7", "task_7\task_7.csproj", "{CBFF8DBB-1B83-425F-89FF-C96C5EC8C0B7}"
EndProject
Project("{2150E333-8FDC-42A3-9474-1A3956D46DE8}") = "Part1", "Part1", "{308DAB0B-9F37-43BA-829C-6E7271D2379B}"
EndProject
Project("{2150E333-8FDC-42A3-9474-1A3956D46DE8}") = "Part2", "Part2", "{80012993-EE7E-4E26-A81D-AAB1D72DE4DB}"
EndProject
Project("{FAE04EC0-301F-11D3-BF4B-00C04F79EFBC}") = "task_2.1", "task_2.1\task_2.1.csproj", "{6DA63153-43D1-40E8-AA2E-97BE0AB2D87D}"
EndProject
Project("{FAE04EC0-301F-11D3-BF4B-00C04F79EFBC}") = "task_2.3", "task_2.3\task_2.3.csproj", "{A73B6C08-BD63-45FC-9651-3FEDFDB902DF}"
EndProject
Project("{FAE04EC0-301F-11D3-BF4B-00C04F79EFBC}") = "task_2.4", "task_2.4\task_2.4.csproj", "{9BC70EEB-1553-4125-BB66-35605F2B2D19}"
EndProject
Project("{FAE04EC0-301F-11D3-BF4B-00C04F79EFBC}") = "task_2.2", "task_2.2\task_2.2.csproj", "{B6DF8B73-92A1-46A0-BE16-F70B114B9669}"
EndProject
Global
	GlobalSection(SolutionConfigurationPlatforms) = preSolution
		Debug|Any CPU = Debug|Any CPU
		Release|Any CPU = Release|Any CPU
	EndGlobalSection
	GlobalSection(ProjectConfigurationPlatforms) = postSolution
		{1CFC601F-D9D6-4AAE-878D-80C1AEDA4CB3}.Debug|Any CPU.ActiveCfg = Debug|Any CPU
		{1CFC601F-D9D6-4AAE-878D-80C1AEDA4CB3}.Debug|Any CPU.Build.0 = Debug|Any CPU
		{1CFC601F-D9D6-4AAE-878D-80C1AEDA4CB3}.Release|Any CPU.ActiveCfg = Release|Any CPU
		{1CFC601F-D9D6-4AAE-878D-80C1AEDA4CB3}.Release|Any CPU.Build.0 = Release|Any CPU
		{B875EEEE-67CC-4891-9754-8E13B4783AAA}.Debug|Any CPU.ActiveCfg = Debug|Any CPU
		{B875EEEE-67CC-4891-9754-8E13B4783AAA}.Debug|Any CPU.Build.0 = Debug|Any CPU
		{B875EEEE-67CC-4891-9754-8E13B4783AAA}.Release|Any CPU.ActiveCfg = Release|Any CPU
		{B875EEEE-67CC-4891-9754-8E13B4783AAA}.Release|Any CPU.Build.0 = Release|Any CPU
		{A7D695AB-071A-453B-AD4B-ECF9D4F5F156}.Debug|Any CPU.ActiveCfg = Debug|Any CPU
		{A7D695AB-071A-453B-AD4B-ECF9D4F5F156}.Debug|Any CPU.Build.0 = Debug|Any CPU
		{A7D695AB-071A-453B-AD4B-ECF9D4F5F156}.Release|Any CPU.ActiveCfg = Release|Any CPU
		{A7D695AB-071A-453B-AD4B-ECF9D4F5F156}.Release|Any CPU.Build.0 = Release|Any CPU
		{6809CFFE-81B1-46A3-A971-D19F630A5271}.Debug|Any CPU.ActiveCfg = Debug|Any CPU
		{6809CFFE-81B1-46A3-A971-D19F630A5271}.Debug|Any CPU.Build.0 = Debug|Any CPU
		{6809CFFE-81B1-46A3-A971-D19F630A5271}.Release|Any CPU.ActiveCfg = Release|Any CPU
		{6809CFFE-81B1-46A3-A971-D19F630A5271}.Release|Any CPU.Build.0 = Release|Any CPU
		{3703FA1E-C0A8-41DF-AFED-002116613A10}.Debug|Any CPU.ActiveCfg = Debug|Any CPU
		{3703FA1E-C0A8-41DF-AFED-002116613A10}.Debug|Any CPU.Build.0 = Debug|Any CPU
		{3703FA1E-C0A8-41DF-AFED-002116613A10}.Release|Any CPU.ActiveCfg = Release|Any CPU
		{3703FA1E-C0A8-41DF-AFED-002116613A10}.Release|Any CPU.Build.0 = Release|Any CPU
		{D0075A4D-AB45-4197-8234-93DAA0BBB33C}.Debug|Any CPU.ActiveCfg = Debug|Any CPU
		{D0075A4D-AB45-4197-8234-93DAA0BBB33C}.Debug|Any CPU.Build.0 = Debug|Any CPU
		{D0075A4D-AB45-4197-8234-93DAA0BBB33C}.Release|Any CPU.ActiveCfg = Release|Any CPU
		{D0075A4D-AB45-4197-8234-93DAA0BBB33C}.Release|Any CPU.Build.0 = Release|Any CPU
		{CBFF8DBB-1B83-425F-89FF-C96C5EC8C0B7}.Debug|Any CPU.ActiveCfg = Debug|Any CPU
		{CBFF8DBB-1B83-425F-89FF-C96C5EC8C0B7}.Debug|Any CPU.Build.0 = Debug|Any CPU
		{CBFF8DBB-1B83-425F-89FF-C96C5EC8C0B7}.Release|Any CPU.ActiveCfg = Release|Any CPU
		{CBFF8DBB-1B83-425F-89FF-C96C5EC8C0B7}.Release|Any CPU.Build.0 = Release|Any CPU
		{6DA63153-43D1-40E8-AA2E-97BE0AB2D87D}.Debug|Any CPU.ActiveCfg = Debug|Any CPU
		{6DA63153-43D1-40E8-AA2E-97BE0AB2D87D}.Debug|Any CPU.Build.0 = Debug|Any CPU
		{6DA63153-43D1-40E8-AA2E-97BE0AB2D87D}.Release|Any CPU.ActiveCfg = Release|Any CPU
		{6DA63153-43D1-40E8-AA2E-97BE0AB2D87D}.Release|Any CPU.Build.0 = Release|Any CPU
		{A73B6C08-BD63-45FC-9651-3FEDFDB902DF}.Debug|Any CPU.ActiveCfg = Debug|Any CPU
		{A73B6C08-BD63-45FC-9651-3FEDFDB902DF}.Debug|Any CPU.Build.0 = Debug|Any CPU
		{A73B6C08-BD63-45FC-9651-3FEDFDB902DF}.Release|Any CPU.ActiveCfg = Release|Any CPU
		{A73B6C08-BD63-45FC-9651-3FEDFDB902DF}.Release|Any CPU.Build.0 = Release|Any CPU
		{9BC70EEB-1553-4125-BB66-35605F2B2D19}.Debug|Any CPU.ActiveCfg = Debug|Any CPU
		{9BC70EEB-1553-4125-BB66-35605F2B2D19}.Debug|Any CPU.Build.0 = Debug|Any CPU
		{9BC70EEB-1553-4125-BB66-35605F2B2D19}.Release|Any CPU.ActiveCfg = Release|Any CPU
		{9BC70EEB-1553-4125-BB66-35605F2B2D19}.Release|Any CPU.Build.0 = Release|Any CPU
		{B6DF8B73-92A1-46A0-BE16-F70B114B9669}.Debug|Any CPU.ActiveCfg = Debug|Any CPU
		{B6DF8B73-92A1-46A0-BE16-F70B114B9669}.Debug|Any CPU.Build.0 = Debug|Any CPU
		{B6DF8B73-92A1-46A0-BE16-F70B114B9669}.Release|Any CPU.ActiveCfg = Release|Any CPU
		{B6DF8B73-92A1-46A0-BE16-F70B114B9669}.Release|Any CPU.Build.0 = Release|Any CPU
	EndGlobalSection
	GlobalSection(SolutionProperties) = preSolution
		HideSolutionNode = FALSE
	EndGlobalSection
	GlobalSection(NestedProjects) = preSolution
		{1CFC601F-D9D6-4AAE-878D-80C1AEDA4CB3} = {308DAB0B-9F37-43BA-829C-6E7271D2379B}
		{B875EEEE-67CC-4891-9754-8E13B4783AAA} = {308DAB0B-9F37-43BA-829C-6E7271D2379B}
		{A7D695AB-071A-453B-AD4B-ECF9D4F5F156} = {308DAB0B-9F37-43BA-829C-6E7271D2379B}
		{6809CFFE-81B1-46A3-A971-D19F630A5271} = {308DAB0B-9F37-43BA-829C-6E7271D2379B}
		{3703FA1E-C0A8-41DF-AFED-002116613A10} = {308DAB0B-9F37-43BA-829C-6E7271D2379B}
		{D0075A4D-AB45-4197-8234-93DAA0BBB33C} = {308DAB0B-9F37-43BA-829C-6E7271D2379B}
		{CBFF8DBB-1B83-425F-89FF-C96C5EC8C0B7} = {308DAB0B-9F37-43BA-829C-6E7271D2379B}
		{6DA63153-43D1-40E8-AA2E-97BE0AB2D87D} = {80012993-EE7E-4E26-A81D-AAB1D72DE4DB}
		{A73B6C08-BD63-45FC-9651-3FEDFDB902DF} = {80012993-EE7E-4E26-A81D-AAB1D72DE4DB}
		{9BC70EEB-1553-4125-BB66-35605F2B2D19} = {80012993-EE7E-4E26-A81D-AAB1D72DE4DB}
		{B6DF8B73-92A1-46A0-BE16-F70B114B9669} = {80012993-EE7E-4E26-A81D-AAB1D72DE4DB}
	EndGlobalSection
	GlobalSection(ExtensibilityGlobals) = postSolution
		SolutionGuid = {35F86438-1F38-4E99-AEF7-7AEDE78C0D7B}
	EndGlobalSection
EndGlobal
